// !$*UTF8*$!
{
	archiveVersion = 1;
	classes = {
	};
	objectVersion = 46;
	objects = {

/* Begin PBXBuildFile section */
		D05479181DB8A524009A134F /* AppDelegate.swift in Sources */ = {isa = PBXBuildFile; fileRef = D05479171DB8A524009A134F /* AppDelegate.swift */; };
		D054791A1DB8A524009A134F /* ViewController.swift in Sources */ = {isa = PBXBuildFile; fileRef = D05479191DB8A524009A134F /* ViewController.swift */; };
		D054791D1DB8A524009A134F /* Main.storyboard in Resources */ = {isa = PBXBuildFile; fileRef = D054791B1DB8A524009A134F /* Main.storyboard */; };
		D054791F1DB8A524009A134F /* Assets.xcassets in Resources */ = {isa = PBXBuildFile; fileRef = D054791E1DB8A524009A134F /* Assets.xcassets */; };
		D05479221DB8A524009A134F /* LaunchScreen.storyboard in Resources */ = {isa = PBXBuildFile; fileRef = D05479201DB8A524009A134F /* LaunchScreen.storyboard */; };
/* End PBXBuildFile section */

/* Begin PBXFileReference section */
		D05479141DB8A524009A134F /* ReOrderingTableViewCell.app */ = {isa = PBXFileReference; explicitFileType = wrapper.application; includeInIndex = 0; path = ReOrderingTableViewCell.app; sourceTree = BUILT_PRODUCTS_DIR; };
		D05479171DB8A524009A134F /* AppDelegate.swift */ = {isa = PBXFileReference; lastKnownFileType = sourcecode.swift; path = AppDelegate.swift; sourceTree = "<group>"; };
		D05479191DB8A524009A134F /* ViewController.swift */ = {isa = PBXFileReference; lastKnownFileType = sourcecode.swift; path = ViewController.swift; sourceTree = "<group>"; };
		D054791C1DB8A524009A134F /* Base */ = {isa = PBXFileReference; lastKnownFileType = file.storyboard; name = Base; path = Base.lproj/Main.storyboard; sourceTree = "<group>"; };
		D054791E1DB8A524009A134F /* Assets.xcassets */ = {isa = PBXFileReference; lastKnownFileType = folder.assetcatalog; path = Assets.xcassets; sourceTree = "<group>"; };
		D05479211DB8A524009A134F /* Base */ = {isa = PBXFileReference; lastKnownFileType = file.storyboard; name = Base; path = Base.lproj/LaunchScreen.storyboard; sourceTree = "<group>"; };
		D05479231DB8A524009A134F /* Info.plist */ = {isa = PBXFileReference; lastKnownFileType = text.plist.xml; path = Info.plist; sourceTree = "<group>"; };
/* End PBXFileReference section */

/* Begin PBXFrameworksBuildPhase section */
		D05479111DB8A524009A134F /* Frameworks */ = {
			isa = PBXFrameworksBuildPhase;
			buildActionMask = 2147483647;
			files = (
			);
			runOnlyForDeploymentPostprocessing = 0;
		};
/* End PBXFrameworksBuildPhase section */

/* Begin PBXGroup section */
		D054790B1DB8A524009A134F = {
			isa = PBXGroup;
			children = (
				D05479161DB8A524009A134F /* ReOrderingTableViewCell */,
				D05479151DB8A524009A134F /* Products */,
			);
			sourceTree = "<group>";
		};
		D05479151DB8A524009A134F /* Products */ = {
			isa = PBXGroup;
			children = (
				D05479141DB8A524009A134F /* ReOrderingTableViewCell.app */,
			);
			name = Products;
			sourceTree = "<group>";
		};
		D05479161DB8A524009A134F /* ReOrderingTableViewCell */ = {
			isa = PBXGroup;
			children = (
				D05479171DB8A524009A134F /* AppDelegate.swift */,
				D05479191DB8A524009A134F /* ViewController.swift */,
				D054791B1DB8A524009A134F /* Main.storyboard */,
				D054791E1DB8A524009A134F /* Assets.xcassets */,
				D05479201DB8A524009A134F /* LaunchScreen.storyboard */,
				D05479231DB8A524009A134F /* Info.plist */,
			);
			path = ReOrderingTableViewCell;
			sourceTree = "<group>";
		};
/* End PBXGroup section */

/* Begin PBXNativeTarget section */
		D05479131DB8A524009A134F /* ReOrderingTableViewCell */ = {
			isa = PBXNativeTarget;
			buildConfigurationList = D05479261DB8A524009A134F /* Build configuration list for PBXNativeTarget "ReOrderingTableViewCell" */;
			buildPhases = (
				D05479101DB8A524009A134F /* Sources */,
				D05479111DB8A524009A134F /* Frameworks */,
				D05479121DB8A524009A134F /* Resources */,
			);
			buildRules = (
			);
			dependencies = (
			);
			name = ReOrderingTableViewCell;
			productName = ReOrderingTableViewCell;
			productReference = D05479141DB8A524009A134F /* ReOrderingTableViewCell.app */;
			productType = "com.apple.product-type.application";
		};
/* End PBXNativeTarget section */

/* Begin PBXProject section */
		D054790C1DB8A524009A134F /* Project object */ = {
			isa = PBXProject;
			attributes = {
				LastSwiftUpdateCheck = 0730;
				LastUpgradeCheck = 0730;
				ORGANIZATIONNAME = "Pavan Kumar CSedin";
				TargetAttributes = {
					D05479131DB8A524009A134F = {
						CreatedOnToolsVersion = 7.3;
					};
				};
			};
			buildConfigurationList = D054790F1DB8A524009A134F /* Build configuration list for PBXProject "ReOrderingTableViewCell" */;
			compatibilityVersion = "Xcode 3.2";
			developmentRegion = English;
			hasScannedForEncodings = 0;
			knownRegions = (
				en,
				Base,
			);
			mainGroup = D054790B1DB8A524009A134F;
			productRefGroup = D05479151DB8A524009A134F /* Products */;
			projectDirPath = "";
			projectRoot = "";
			targets = (
				D05479131DB8A524009A134F /* ReOrderingTableViewCell */,
			);
		};
/* End PBXProject section */

/* Begin PBXResourcesBuildPhase section */
		D05479121DB8A524009A134F /* Resources */ = {
			isa = PBXResourcesBuildPhase;
			buildActionMask = 2147483647;
			files = (
				D05479221DB8A524009A134F /* LaunchScreen.storyboard in Resources */,
				D054791F1DB8A524009A134F /* Assets.xcassets in Resources */,
				D054791D1DB8A524009A134F /* Main.storyboard in Resources */,
			);
			runOnlyForDeploymentPostprocessing = 0;
		};
/* End PBXResourcesBuildPhase section */

/* Begin PBXSourcesBuildPhase section */
		D05479101DB8A524009A134F /* Sources */ = {
			isa = PBXSourcesBuildPhase;
			buildActionMask = 2147483647;
			files = (
				D054791A1DB8A524009A134F /* ViewController.swift in Sources */,
				D05479181DB8A524009A134F /* AppDelegate.swift in Sources */,
			);
			runOnlyForDeploymentPostprocessing = 0;
		};
/* End PBXSourcesBuildPhase section */

/* Begin PBXVariantGroup section */
		D054791B1DB8A524009A134F /* Main.storyboard */ = {
			isa = PBXVariantGroup;
			children = (
				D054791C1DB8A524009A134F /* Base */,
			);
			name = Main.storyboard;
			sourceTree = "<group>";
		};
		D05479201DB8A524009A134F /* LaunchScreen.storyboard */ = {
			isa = PBXVariantGroup;
			children = (
				D05479211DB8A524009A134F /* Base */,
			);
			name = LaunchScreen.storyboard;
			sourceTree = "<group>";
		};
/* End PBXVariantGroup section */

/* Begin XCBuildConfiguration section */
		D05479241DB8A524009A134F /* Debug */ = {
			isa = XCBuildConfiguration;
			buildSettings = {
				ALWAYS_SEARCH_USER_PATHS = NO;
				CLANG_ANALYZER_NONNULL = YES;
				CLANG_CXX_LANGUAGE_STANDARD = "gnu++0x";
				CLANG_CXX_LIBRARY = "libc++";
				CLANG_ENABLE_MODULES = YES;
				CLANG_ENABLE_OBJC_ARC = YES;
				CLANG_WARN_BOOL_CONVERSION = YES;
				CLANG_WARN_CONSTANT_CONVERSION = YES;
				CLANG_WARN_DIRECT_OBJC_ISA_USAGE = YES_ERROR;
				CLANG_WARN_EMPTY_BODY = YES;
				CLANG_WARN_ENUM_CONVERSION = YES;
				CLANG_WARN_INT_CONVERSION = YES;
				CLANG_WARN_OBJC_ROOT_CLASS = YES_ERROR;
				CLANG_WARN_UNREACHABLE_CODE = YES;
				CLANG_WARN__DUPLICATE_METHOD_MATCH = YES;
				"CODE_SIGN_IDENTITY[sdk=iphoneos*]" = "iPhone Developer";
				COPY_PHASE_STRIP = NO;
				DEBUG_INFORMATION_FORMAT = dwarf;
				ENABLE_STRICT_OBJC_MSGSEND = YES;
				ENABLE_TESTABILITY = YES;
				GCC_C_LANGUAGE_STANDARD = gnu99;
				GCC_DYNAMIC_NO_PIC = NO;
				GCC_NO_COMMON_BLOCKS = YES;
				GCC_OPTIMIZATION_LEVEL = 0;
				GCC_PREPROCESSOR_DEFINITIONS = (
					"DEBUG=1",
					"$(inherited)",
				);
				GCC_WARN_64_TO_32_BIT_CONVERSION = YES;
				GCC_WARN_ABOUT_RETURN_TYPE = YES_ERROR;
				GCC_WARN_UNDECLARED_SELECTOR = YES;
				GCC_WARN_UNINITIALIZED_AUTOS = YES_AGGRESSIVE;
				GCC_WARN_UNUSED_FUNCTION = YES;
				GCC_WARN_UNUSED_VARIABLE = YES;
				IPHONEOS_DEPLOYMENT_TARGET = 9.3;
				MTL_ENABLE_DEBUG_INFO = YES;
				ONLY_ACTIVE_ARCH = YES;
				SDKROOT = iphoneos;
				SWIFT_OPTIMIZATION_LEVEL = "-Onone";
				TARGETED_DEVICE_FAMILY = "1,2";
			};
			name = Debug;
		};
		D05479251DB8A524009A134F /* Release */ = {
			isa = XCBuildConfiguration;
			buildSettings = {
				ALWAYS_SEARCH_USER_PATHS = NO;
				CLANG_ANALYZER_NONNULL = YES;
				CLANG_CXX_LANGUAGE_STANDARD = "gnu++0x";
				CLANG_CXX_LIBRARY = "libc++";
				CLANG_ENABLE_MODULES = YES;
				CLANG_ENABLE_OBJC_ARC = YES;
				CLANG_WARN_BOOL_CONVERSION = YES;
				CLANG_WARN_CONSTANT_CONVERSION = YES;
				CLANG_WARN_DIRECT_OBJC_ISA_USAGE = YES_ERROR;
				CLANG_WARN_EMPTY_BODY = YES;
				CLANG_WARN_ENUM_CONVERSION = YES;
				CLANG_WARN_INT_CONVERSION = YES;
				CLANG_WARN_OBJC_ROOT_CLASS = YES_ERROR;
				CLANG_WARN_UNREACHABLE_CODE = YES;
				CLANG_WARN__DUPLICATE_METHOD_MATCH = YES;
				"CODE_SIGN_IDENTITY[sdk=iphoneos*]" = "iPhone Developer";
				COPY_PHASE_STRIP = NO;
				DEBUG_INFORMATION_FORMAT = "dwarf-with-dsym";
				ENABLE_NS_ASSERTIONS = NO;
				ENABLE_STRICT_OBJC_MSGSEND = YES;
				GCC_C_LANGUAGE_STANDARD = gnu99;
				GCC_NO_COMMON_BLOCKS = YES;
				GCC_WARN_64_TO_32_BIT_CONVERSION = YES;
				GCC_WARN_ABOUT_RETURN_TYPE = YES_ERROR;
				GCC_WARN_UNDECLARED_SELECTOR = YES;
				GCC_WARN_UNINITIALIZED_AUTOS = YES_AGGRESSIVE;
				GCC_WARN_UNUSED_FUNCTION = YES;
				GCC_WARN_UNUSED_VARIABLE = YES;
				IPHONEOS_DEPLOYMENT_TARGET = 9.3;
				MTL_ENABLE_DEBUG_INFO = NO;
				SDKROOT = iphoneos;
				TARGETED_DEVICE_FAMILY = "1,2";
				VALIDATE_PRODUCT = YES;
			};
			name = Release;
		};
		D05479271DB8A524009A134F /* Debug */ = {
			isa = XCBuildConfiguration;
			buildSettings = {
				ASSETCATALOG_COMPILER_APPICON_NAME = AppIcon;
				INFOPLIST_FILE = ReOrderingTableViewCell/Info.plist;
				LD_RUNPATH_SEARCH_PATHS = "$(inherited) @executable_path/Frameworks";
				PRODUCT_BUNDLE_IDENTIFIER = sedin.ReOrderingTableViewCell;
				PRODUCT_NAME = "$(TARGET_NAME)";
			};
			name = Debug;
		};
		D05479281DB8A524009A134F /* Release */ = {
			isa = XCBuildConfiguration;
			buildSettings = {
				ASSETCATALOG_COMPILER_APPICON_NAME = AppIcon;
				INFOPLIST_FILE = ReOrderingTableViewCell/Info.plist;
				LD_RUNPATH_SEARCH_PATHS = "$(inherited) @executable_path/Frameworks";
				PRODUCT_BUNDLE_IDENTIFIER = sedin.ReOrderingTableViewCell;
				PRODUCT_NAME = "$(TARGET_NAME)";
			};
			name = Release;
		};
/* End XCBuildConfiguration section */

/* Begin XCConfigurationList section */
		D054790F1DB8A524009A134F /* Build configuration list for PBXProject "ReOrderingTableViewCell" */ = {
			isa = XCConfigurationList;
			buildConfigurations = (
				D05479241DB8A524009A134F /* Debug */,
				D05479251DB8A524009A134F /* Release */,
			);
			defaultConfigurationIsVisible = 0;
			defaultConfigurationName = Release;
		};
		D05479261DB8A524009A134F /* Build configuration list for PBXNativeTarget "ReOrderingTableViewCell" */ = {
			isa = XCConfigurationList;
			buildConfigurations = (
				D05479271DB8A524009A134F /* Debug */,
				D05479281DB8A524009A134F /* Release */,
			);
			defaultConfigurationIsVisible = 0;
		};
/* End XCConfigurationList section */
	};
	rootObject = D054790C1DB8A524009A134F /* Project object */;
}
